
Microsoft Visual Studio Solution File, Format Version 12.00
# Visual Studio 15
VisualStudioVersion = 15.0.28307.421
MinimumVisualStudioVersion = 10.0.40219.1
Project("{FAE04EC0-301F-11D3-BF4B-00C04F79EFBC}") = "Facturacion SysCon", "Facturacion SysCon\Facturacion SysCon.csproj", "{9692FFC1-0E47-4109-A373-4BC70F0C042F}"
EndProject
Global
	GlobalSection(SolutionConfigurationPlatforms) = preSolution
		Debug|Any CPU = Debug|Any CPU
		Release|Any CPU = Release|Any CPU
	EndGlobalSection
	GlobalSection(ProjectConfigurationPlatforms) = postSolution
		{9692FFC1-0E47-4109-A373-4BC70F0C042F}.Debug|Any CPU.ActiveCfg = Debug|Any CPU
		{9692FFC1-0E47-4109-A373-4BC70F0C042F}.Debug|Any CPU.Build.0 = Debug|Any CPU
		{9692FFC1-0E47-4109-A373-4BC70F0C042F}.Release|Any CPU.ActiveCfg = Release|Any CPU
		{9692FFC1-0E47-4109-A373-4BC70F0C042F}.Release|Any CPU.Build.0 = Release|Any CPU
	EndGlobalSection
	GlobalSection(SolutionProperties) = preSolution
		HideSolutionNode = FALSE
	EndGlobalSection
	GlobalSection(ExtensibilityGlobals) = postSolution
		SolutionGuid = {5FEF9734-57F0-43A4-902A-A917AC35B8EA}
	EndGlobalSection
EndGlobal
